
Microsoft Visual Studio Solution File, Format Version 12.00
# Visual Studio 15
VisualStudioVersion = 15.0.27428.1
MinimumVisualStudioVersion = 10.0.40219.1
Project("{FAE04EC0-301F-11D3-BF4B-00C04F79EFBC}") = "MedMMvc", "MedMMvc\MedMMvc.csproj", "{9ED6E67D-2553-4406-9E72-AE005C240CEC}"
EndProject
Global
	GlobalSection(SolutionConfigurationPlatforms) = preSolution
		Debug|Any CPU = Debug|Any CPU
		Release|Any CPU = Release|Any CPU
	EndGlobalSection
	GlobalSection(ProjectConfigurationPlatforms) = postSolution
		{9ED6E67D-2553-4406-9E72-AE005C240CEC}.Debug|Any CPU.ActiveCfg = Debug|Any CPU
		{9ED6E67D-2553-4406-9E72-AE005C240CEC}.Debug|Any CPU.Build.0 = Debug|Any CPU
		{9ED6E67D-2553-4406-9E72-AE005C240CEC}.Release|Any CPU.ActiveCfg = Release|Any CPU
		{9ED6E67D-2553-4406-9E72-AE005C240CEC}.Release|Any CPU.Build.0 = Release|Any CPU
	EndGlobalSection
	GlobalSection(SolutionProperties) = preSolution
		HideSolutionNode = FALSE
	EndGlobalSection
	GlobalSection(ExtensibilityGlobals) = postSolution
		SolutionGuid = {7DCF37C2-6D34-433E-A843-C1EDFD50F493}
	EndGlobalSection
EndGlobal
